
Microsoft Visual Studio Solution File, Format Version 12.00
# Visual Studio 2013
VisualStudioVersion = 12.0.40629.0
MinimumVisualStudioVersion = 10.0.40219.1
Project("{8BC9CEB8-8B4A-11D0-8D11-00A0C91BC942}") = "KPS", "KPS.vcxproj", "{E34AB1AA-2861-4394-A6EC-F26FB56AA325}"
EndProject
Project("{888888A0-9F3D-457C-B088-3A5042F75D52}") = "KPS_GenOrbit", "KPS_GenOrbit.pyproj", "{D4E6F840-1C74-4187-B3D7-A9A5C0572C97}"
EndProject
Project("{888888A0-9F3D-457C-B088-3A5042F75D52}") = "KPS_GenPoly", "KPS_GenPoly.pyproj", "{6459AA38-2B03-421A-A22F-2410FFCFDDC8}"
EndProject
Project("{888888A0-9F3D-457C-B088-3A5042F75D52}") = "KPS_Kepler2State", "KPS_Kepler2State.pyproj", "{6617AF5E-8534-411F-AD60-AA56AFD72DF9}"
EndProject
Project("{888888A0-9F3D-457C-B088-3A5042F75D52}") = "KPS_PlotPoly", "KPS_PlotPoly.pyproj", "{F76ACAE1-2699-4733-A541-C76C4322784E}"
EndProject
Project("{888888A0-9F3D-457C-B088-3A5042F75D52}") = "KPS_State2Kepler", "KPS_State2Kepler.pyproj", "{D7B73B0B-900B-4F09-94B6-71D18882DA68}"
EndProject
Project("{888888A0-9F3D-457C-B088-3A5042F75D52}") = "KPS_Vis", "KPS_Vis.pyproj", "{BA2FC59B-8041-4F3D-B579-0927816D5393}"
EndProject
Global
	GlobalSection(SolutionConfigurationPlatforms) = preSolution
		Debug|Any CPU = Debug|Any CPU
		Debug|Mixed Platforms = Debug|Mixed Platforms
		Debug|Win32 = Debug|Win32
		Debug|x64 = Debug|x64
		DebugStatic|Any CPU = DebugStatic|Any CPU
		DebugStatic|Mixed Platforms = DebugStatic|Mixed Platforms
		DebugStatic|Win32 = DebugStatic|Win32
		DebugStatic|x64 = DebugStatic|x64
		Release|Any CPU = Release|Any CPU
		Release|Mixed Platforms = Release|Mixed Platforms
		Release|Win32 = Release|Win32
		Release|x64 = Release|x64
		ReleaseStatic|Any CPU = ReleaseStatic|Any CPU
		ReleaseStatic|Mixed Platforms = ReleaseStatic|Mixed Platforms
		ReleaseStatic|Win32 = ReleaseStatic|Win32
		ReleaseStatic|x64 = ReleaseStatic|x64
	EndGlobalSection
	GlobalSection(ProjectConfigurationPlatforms) = postSolution
		{E34AB1AA-2861-4394-A6EC-F26FB56AA325}.Debug|Any CPU.ActiveCfg = Debug|Win32
		{E34AB1AA-2861-4394-A6EC-F26FB56AA325}.Debug|Mixed Platforms.ActiveCfg = Debug|Win32
		{E34AB1AA-2861-4394-A6EC-F26FB56AA325}.Debug|Mixed Platforms.Build.0 = Debug|Win32
		{E34AB1AA-2861-4394-A6EC-F26FB56AA325}.Debug|Win32.ActiveCfg = Debug|Win32
		{E34AB1AA-2861-4394-A6EC-F26FB56AA325}.Debug|Win32.Build.0 = Debug|Win32
		{E34AB1AA-2861-4394-A6EC-F26FB56AA325}.Debug|x64.ActiveCfg = Debug|x64
		{E34AB1AA-2861-4394-A6EC-F26FB56AA325}.Debug|x64.Build.0 = Debug|x64
		{E34AB1AA-2861-4394-A6EC-F26FB56AA325}.DebugStatic|Any CPU.ActiveCfg = DebugStatic|Win32
		{E34AB1AA-2861-4394-A6EC-F26FB56AA325}.DebugStatic|Mixed Platforms.ActiveCfg = DebugStatic|Win32
		{E34AB1AA-2861-4394-A6EC-F26FB56AA325}.DebugStatic|Mixed Platforms.Build.0 = DebugStatic|Win32
		{E34AB1AA-2861-4394-A6EC-F26FB56AA325}.DebugStatic|Win32.ActiveCfg = DebugStatic|Win32
		{E34AB1AA-2861-4394-A6EC-F26FB56AA325}.DebugStatic|Win32.Build.0 = DebugStatic|Win32
		{E34AB1AA-2861-4394-A6EC-F26FB56AA325}.DebugStatic|x64.ActiveCfg = DebugStatic|x64
		{E34AB1AA-2861-4394-A6EC-F26FB56AA325}.DebugStatic|x64.Build.0 = DebugStatic|x64
		{E34AB1AA-2861-4394-A6EC-F26FB56AA325}.Release|Any CPU.ActiveCfg = Release|Win32
		{E34AB1AA-2861-4394-A6EC-F26FB56AA325}.Release|Mixed Platforms.ActiveCfg = Release|Win32
		{E34AB1AA-2861-4394-A6EC-F26FB56AA325}.Release|Mixed Platforms.Build.0 = Release|Win32
		{E34AB1AA-2861-4394-A6EC-F26FB56AA325}.Release|Win32.ActiveCfg = Release|Win32
		{E34AB1AA-2861-4394-A6EC-F26FB56AA325}.Release|Win32.Build.0 = Release|Win32
		{E34AB1AA-2861-4394-A6EC-F26FB56AA325}.Release|x64.ActiveCfg = Release|x64
		{E34AB1AA-2861-4394-A6EC-F26FB56AA325}.Release|x64.Build.0 = Release|x64
		{E34AB1AA-2861-4394-A6EC-F26FB56AA325}.ReleaseStatic|Any CPU.ActiveCfg = ReleaseStatic|Win32
		{E34AB1AA-2861-4394-A6EC-F26FB56AA325}.ReleaseStatic|Mixed Platforms.ActiveCfg = ReleaseStatic|Win32
		{E34AB1AA-2861-4394-A6EC-F26FB56AA325}.ReleaseStatic|Mixed Platforms.Build.0 = ReleaseStatic|Win32
		{E34AB1AA-2861-4394-A6EC-F26FB56AA325}.ReleaseStatic|Win32.ActiveCfg = ReleaseStatic|Win32
		{E34AB1AA-2861-4394-A6EC-F26FB56AA325}.ReleaseStatic|Win32.Build.0 = ReleaseStatic|Win32
		{E34AB1AA-2861-4394-A6EC-F26FB56AA325}.ReleaseStatic|x64.ActiveCfg = ReleaseStatic|x64
		{E34AB1AA-2861-4394-A6EC-F26FB56AA325}.ReleaseStatic|x64.Build.0 = ReleaseStatic|x64
		{D4E6F840-1C74-4187-B3D7-A9A5C0572C97}.Debug|Any CPU.ActiveCfg = Debug|Any CPU
		{D4E6F840-1C74-4187-B3D7-A9A5C0572C97}.Debug|Mixed Platforms.ActiveCfg = Debug|Any CPU
		{D4E6F840-1C74-4187-B3D7-A9A5C0572C97}.Debug|Win32.ActiveCfg = Debug|Any CPU
		{D4E6F840-1C74-4187-B3D7-A9A5C0572C97}.Debug|x64.ActiveCfg = Debug|Any CPU
		{D4E6F840-1C74-4187-B3D7-A9A5C0572C97}.DebugStatic|Any CPU.ActiveCfg = Debug|Any CPU
		{D4E6F840-1C74-4187-B3D7-A9A5C0572C97}.DebugStatic|Mixed Platforms.ActiveCfg = Debug|Any CPU
		{D4E6F840-1C74-4187-B3D7-A9A5C0572C97}.DebugStatic|Win32.ActiveCfg = Debug|Any CPU
		{D4E6F840-1C74-4187-B3D7-A9A5C0572C97}.DebugStatic|x64.ActiveCfg = Debug|Any CPU
		{D4E6F840-1C74-4187-B3D7-A9A5C0572C97}.Release|Any CPU.ActiveCfg = Release|Any CPU
		{D4E6F840-1C74-4187-B3D7-A9A5C0572C97}.Release|Mixed Platforms.ActiveCfg = Release|Any CPU
		{D4E6F840-1C74-4187-B3D7-A9A5C0572C97}.Release|Win32.ActiveCfg = Release|Any CPU
		{D4E6F840-1C74-4187-B3D7-A9A5C0572C97}.Release|x64.ActiveCfg = Release|Any CPU
		{D4E6F840-1C74-4187-B3D7-A9A5C0572C97}.ReleaseStatic|Any CPU.ActiveCfg = Release|Any CPU
		{D4E6F840-1C74-4187-B3D7-A9A5C0572C97}.ReleaseStatic|Mixed Platforms.ActiveCfg = Release|Any CPU
		{D4E6F840-1C74-4187-B3D7-A9A5C0572C97}.ReleaseStatic|Win32.ActiveCfg = Release|Any CPU
		{D4E6F840-1C74-4187-B3D7-A9A5C0572C97}.ReleaseStatic|x64.ActiveCfg = Release|Any CPU
		{6459AA38-2B03-421A-A22F-2410FFCFDDC8}.Debug|Any CPU.ActiveCfg = Debug|Any CPU
		{6459AA38-2B03-421A-A22F-2410FFCFDDC8}.Debug|Mixed Platforms.ActiveCfg = Debug|Any CPU
		{6459AA38-2B03-421A-A22F-2410FFCFDDC8}.Debug|Win32.ActiveCfg = Debug|Any CPU
		{6459AA38-2B03-421A-A22F-2410FFCFDDC8}.Debug|x64.ActiveCfg = Debug|Any CPU
		{6459AA38-2B03-421A-A22F-2410FFCFDDC8}.DebugStatic|Any CPU.ActiveCfg = Debug|Any CPU
		{6459AA38-2B03-421A-A22F-2410FFCFDDC8}.DebugStatic|Mixed Platforms.ActiveCfg = Debug|Any CPU
		{6459AA38-2B03-421A-A22F-2410FFCFDDC8}.DebugStatic|Win32.ActiveCfg = Debug|Any CPU
		{6459AA38-2B03-421A-A22F-2410FFCFDDC8}.DebugStatic|x64.ActiveCfg = Debug|Any CPU
		{6459AA38-2B03-421A-A22F-2410FFCFDDC8}.Release|Any CPU.ActiveCfg = Release|Any CPU
		{6459AA38-2B03-421A-A22F-2410FFCFDDC8}.Release|Mixed Platforms.ActiveCfg = Release|Any CPU
		{6459AA38-2B03-421A-A22F-2410FFCFDDC8}.Release|Win32.ActiveCfg = Release|Any CPU
		{6459AA38-2B03-421A-A22F-2410FFCFDDC8}.Release|x64.ActiveCfg = Release|Any CPU
		{6459AA38-2B03-421A-A22F-2410FFCFDDC8}.ReleaseStatic|Any CPU.ActiveCfg = Release|Any CPU
		{6459AA38-2B03-421A-A22F-2410FFCFDDC8}.ReleaseStatic|Mixed Platforms.ActiveCfg = Release|Any CPU
		{6459AA38-2B03-421A-A22F-2410FFCFDDC8}.ReleaseStatic|Win32.ActiveCfg = Release|Any CPU
		{6459AA38-2B03-421A-A22F-2410FFCFDDC8}.ReleaseStatic|x64.ActiveCfg = Release|Any CPU
		{6617AF5E-8534-411F-AD60-AA56AFD72DF9}.Debug|Any CPU.ActiveCfg = Debug|Any CPU
		{6617AF5E-8534-411F-AD60-AA56AFD72DF9}.Debug|Mixed Platforms.ActiveCfg = Debug|Any CPU
		{6617AF5E-8534-411F-AD60-AA56AFD72DF9}.Debug|Win32.ActiveCfg = Debug|Any CPU
		{6617AF5E-8534-411F-AD60-AA56AFD72DF9}.Debug|x64.ActiveCfg = Debug|Any CPU
		{6617AF5E-8534-411F-AD60-AA56AFD72DF9}.DebugStatic|Any CPU.ActiveCfg = Debug|Any CPU
		{6617AF5E-8534-411F-AD60-AA56AFD72DF9}.DebugStatic|Mixed Platforms.ActiveCfg = Debug|Any CPU
		{6617AF5E-8534-411F-AD60-AA56AFD72DF9}.DebugStatic|Win32.ActiveCfg = Debug|Any CPU
		{6617AF5E-8534-411F-AD60-AA56AFD72DF9}.DebugStatic|x64.ActiveCfg = Debug|Any CPU
		{6617AF5E-8534-411F-AD60-AA56AFD72DF9}.Release|Any CPU.ActiveCfg = Release|Any CPU
		{6617AF5E-8534-411F-AD60-AA56AFD72DF9}.Release|Mixed Platforms.ActiveCfg = Release|Any CPU
		{6617AF5E-8534-411F-AD60-AA56AFD72DF9}.Release|Win32.ActiveCfg = Release|Any CPU
		{6617AF5E-8534-411F-AD60-AA56AFD72DF9}.Release|x64.ActiveCfg = Release|Any CPU
		{6617AF5E-8534-411F-AD60-AA56AFD72DF9}.ReleaseStatic|Any CPU.ActiveCfg = Release|Any CPU
		{6617AF5E-8534-411F-AD60-AA56AFD72DF9}.ReleaseStatic|Mixed Platforms.ActiveCfg = Release|Any CPU
		{6617AF5E-8534-411F-AD60-AA56AFD72DF9}.ReleaseStatic|Win32.ActiveCfg = Release|Any CPU
		{6617AF5E-8534-411F-AD60-AA56AFD72DF9}.ReleaseStatic|x64.ActiveCfg = Release|Any CPU
		{F76ACAE1-2699-4733-A541-C76C4322784E}.Debug|Any CPU.ActiveCfg = Debug|Any CPU
		{F76ACAE1-2699-4733-A541-C76C4322784E}.Debug|Mixed Platforms.ActiveCfg = Debug|Any CPU
		{F76ACAE1-2699-4733-A541-C76C4322784E}.Debug|Win32.ActiveCfg = Debug|Any CPU
		{F76ACAE1-2699-4733-A541-C76C4322784E}.Debug|x64.ActiveCfg = Debug|Any CPU
		{F76ACAE1-2699-4733-A541-C76C4322784E}.DebugStatic|Any CPU.ActiveCfg = Debug|Any CPU
		{F76ACAE1-2699-4733-A541-C76C4322784E}.DebugStatic|Mixed Platforms.ActiveCfg = Debug|Any CPU
		{F76ACAE1-2699-4733-A541-C76C4322784E}.DebugStatic|Win32.ActiveCfg = Debug|Any CPU
		{F76ACAE1-2699-4733-A541-C76C4322784E}.DebugStatic|x64.ActiveCfg = Debug|Any CPU
		{F76ACAE1-2699-4733-A541-C76C4322784E}.Release|Any CPU.ActiveCfg = Release|Any CPU
		{F76ACAE1-2699-4733-A541-C76C4322784E}.Release|Mixed Platforms.ActiveCfg = Release|Any CPU
		{F76ACAE1-2699-4733-A541-C76C4322784E}.Release|Win32.ActiveCfg = Release|Any CPU
		{F76ACAE1-2699-4733-A541-C76C4322784E}.Release|x64.ActiveCfg = Release|Any CPU
		{F76ACAE1-2699-4733-A541-C76C4322784E}.ReleaseStatic|Any CPU.ActiveCfg = Release|Any CPU
		{F76ACAE1-2699-4733-A541-C76C4322784E}.ReleaseStatic|Mixed Platforms.ActiveCfg = Release|Any CPU
		{F76ACAE1-2699-4733-A541-C76C4322784E}.ReleaseStatic|Win32.ActiveCfg = Release|Any CPU
		{F76ACAE1-2699-4733-A541-C76C4322784E}.ReleaseStatic|x64.ActiveCfg = Release|Any CPU
		{D7B73B0B-900B-4F09-94B6-71D18882DA68}.Debug|Any CPU.ActiveCfg = Debug|Any CPU
		{D7B73B0B-900B-4F09-94B6-71D18882DA68}.Debug|Mixed Platforms.ActiveCfg = Debug|Any CPU
		{D7B73B0B-900B-4F09-94B6-71D18882DA68}.Debug|Win32.ActiveCfg = Debug|Any CPU
		{D7B73B0B-900B-4F09-94B6-71D18882DA68}.Debug|x64.ActiveCfg = Debug|Any CPU
		{D7B73B0B-900B-4F09-94B6-71D18882DA68}.DebugStatic|Any CPU.ActiveCfg = Debug|Any CPU
		{D7B73B0B-900B-4F09-94B6-71D18882DA68}.DebugStatic|Mixed Platforms.ActiveCfg = Debug|Any CPU
		{D7B73B0B-900B-4F09-94B6-71D18882DA68}.DebugStatic|Win32.ActiveCfg = Debug|Any CPU
		{D7B73B0B-900B-4F09-94B6-71D18882DA68}.DebugStatic|x64.ActiveCfg = Debug|Any CPU
		{D7B73B0B-900B-4F09-94B6-71D18882DA68}.Release|Any CPU.ActiveCfg = Release|Any CPU
		{D7B73B0B-900B-4F09-94B6-71D18882DA68}.Release|Mixed Platforms.ActiveCfg = Release|Any CPU
		{D7B73B0B-900B-4F09-94B6-71D18882DA68}.Release|Win32.ActiveCfg = Release|Any CPU
		{D7B73B0B-900B-4F09-94B6-71D18882DA68}.Release|x64.ActiveCfg = Release|Any CPU
		{D7B73B0B-900B-4F09-94B6-71D18882DA68}.ReleaseStatic|Any CPU.ActiveCfg = Release|Any CPU
		{D7B73B0B-900B-4F09-94B6-71D18882DA68}.ReleaseStatic|Mixed Platforms.ActiveCfg = Release|Any CPU
		{D7B73B0B-900B-4F09-94B6-71D18882DA68}.ReleaseStatic|Win32.ActiveCfg = Release|Any CPU
		{D7B73B0B-900B-4F09-94B6-71D18882DA68}.ReleaseStatic|x64.ActiveCfg = Release|Any CPU
		{BA2FC59B-8041-4F3D-B579-0927816D5393}.Debug|Any CPU.ActiveCfg = Debug|Any CPU
		{BA2FC59B-8041-4F3D-B579-0927816D5393}.Debug|Mixed Platforms.ActiveCfg = Debug|Any CPU
		{BA2FC59B-8041-4F3D-B579-0927816D5393}.Debug|Win32.ActiveCfg = Debug|Any CPU
		{BA2FC59B-8041-4F3D-B579-0927816D5393}.Debug|x64.ActiveCfg = Debug|Any CPU
		{BA2FC59B-8041-4F3D-B579-0927816D5393}.DebugStatic|Any CPU.ActiveCfg = Debug|Any CPU
		{BA2FC59B-8041-4F3D-B579-0927816D5393}.DebugStatic|Mixed Platforms.ActiveCfg = Debug|Any CPU
		{BA2FC59B-8041-4F3D-B579-0927816D5393}.DebugStatic|Win32.ActiveCfg = Debug|Any CPU
		{BA2FC59B-8041-4F3D-B579-0927816D5393}.DebugStatic|x64.ActiveCfg = Debug|Any CPU
		{BA2FC59B-8041-4F3D-B579-0927816D5393}.Release|Any CPU.ActiveCfg = Release|Any CPU
		{BA2FC59B-8041-4F3D-B579-0927816D5393}.Release|Mixed Platforms.ActiveCfg = Release|Any CPU
		{BA2FC59B-8041-4F3D-B579-0927816D5393}.Release|Win32.ActiveCfg = Release|Any CPU
		{BA2FC59B-8041-4F3D-B579-0927816D5393}.Release|x64.ActiveCfg = Release|Any CPU
		{BA2FC59B-8041-4F3D-B579-0927816D5393}.ReleaseStatic|Any CPU.ActiveCfg = Release|Any CPU
		{BA2FC59B-8041-4F3D-B579-0927816D5393}.ReleaseStatic|Mixed Platforms.ActiveCfg = Release|Any CPU
		{BA2FC59B-8041-4F3D-B579-0927816D5393}.ReleaseStatic|Win32.ActiveCfg = Release|Any CPU
		{BA2FC59B-8041-4F3D-B579-0927816D5393}.ReleaseStatic|x64.ActiveCfg = Release|Any CPU
	EndGlobalSection
	GlobalSection(SolutionProperties) = preSolution
		HideSolutionNode = FALSE
	EndGlobalSection
EndGlobal
