<?xml version="1.0" encoding="utf-8"?>
<Project ToolsVersion="4.0" xmlns="http://schemas.microsoft.com/developer/msbuild/2003">
  <ItemGroup>
    <Filter Include="Source Files">
      <UniqueIdentifier>{4FC737F1-C7A5-4376-A066-2A32D752A2FF}</UniqueIdentifier>
      <Extensions>cpp;c;cc;cxx;def;odl;idl;hpj;bat;asm;asmx</Extensions>
    </Filter>
    <Filter Include="Header Files">
      <UniqueIdentifier>{93995380-89BD-4b04-88EB-625FBE52EBFB}</UniqueIdentifier>
      <Extensions>h;hh;hpp;hxx;hm;inl;inc;xsd</Extensions>
    </Filter>
    <Filter Include="Resource Files">
      <UniqueIdentifier>{67DA6AB6-F800-4c08-8B7A-83BB121AAD01}</UniqueIdentifier>
      <Extensions>rc;ico;cur;bmp;dlg;rc2;rct;bin;rgs;gif;jpg;jpeg;jpe;resx;tiff;tif;png;wav;mfcribbon-ms</Extensions>
    </Filter>
  </ItemGroup>
  <ItemGroup>
    <ClInclude Include="Aero.h">
      <Filter>Header Files</Filter>
    </ClInclude>
    <ClInclude Include="clipper.hpp">
      <Filter>Header Files</Filter>
    </ClInclude>
    <ClInclude Include="Earth.h">
      <Filter>Header Files</Filter>
    </ClInclude>
    <ClInclude Include="Eigen_util.h">
      <Filter>Header Files</Filter>
    </ClInclude>
    <ClInclude Include="FileInput.h">
      <Filter>Header Files</Filter>
    </ClInclude>
    <ClInclude Include="glm_util.h">
      <Filter>Header Files</Filter>
    </ClInclude>
    <ClInclude Include="Output.h">
      <Filter>Header Files</Filter>
    </ClInclude>
    <ClInclude Include="ParamInput.h">
      <Filter>Header Files</Filter>
    </ClInclude>
    <ClInclude Include="Params.h">
      <Filter>Header Files</Filter>
    </ClInclude>
    <ClInclude Include="PolyInput.h">
      <Filter>Header Files</Filter>
    </ClInclude>
    <ClInclude Include="Propagators.h">
      <Filter>Header Files</Filter>
    </ClInclude>
    <ClInclude Include="Satellite.h">
      <Filter>Header Files</Filter>
    </ClInclude>
    <ClInclude Include="State.h">
      <Filter>Header Files</Filter>
    </ClInclude>
    <ClInclude Include="str_util.h">
      <Filter>Header Files</Filter>
    </ClInclude>
    <ClInclude Include="US1976.h">
      <Filter>Header Files</Filter>
    </ClInclude>
  </ItemGroup>
  <ItemGroup>
    <ClCompile Include="Aero_Analytical.cpp">
      <Filter>Source Files</Filter>
    </ClCompile>
    <ClCompile Include="Aero_CPU.cpp">
      <Filter>Source Files</Filter>
    </ClCompile>
    <ClCompile Include="clipper.cpp">
      <Filter>Source Files</Filter>
    </ClCompile>
    <ClCompile Include="FileInput.cpp">
      <Filter>Source Files</Filter>
    </ClCompile>
    <ClCompile Include="main.cpp">
      <Filter>Source Files</Filter>
    </ClCompile>
    <ClCompile Include="Output.cpp">
      <Filter>Source Files</Filter>
    </ClCompile>
    <ClCompile Include="ParamInput.cpp">
      <Filter>Source Files</Filter>
    </ClCompile>
    <ClCompile Include="Params.cpp">
      <Filter>Source Files</Filter>
    </ClCompile>
    <ClCompile Include="PolyInput.cpp">
      <Filter>Source Files</Filter>
    </ClCompile>
    <ClCompile Include="Satellite.cpp">
      <Filter>Source Files</Filter>
    </ClCompile>
    <ClCompile Include="US1976.cpp">
      <Filter>Source Files</Filter>
    </ClCompile>
  </ItemGroup>
</Project>